{
    "_meta": {
        "hash": {
            "sha256": "01bdeb464dec3c17d8ae1418ed499c9c20a7f8108421d9558ad3c183c3ca8aa9"
        },
        "pipfile-spec": 6,
        "requires": {},
        "sources": [
            {
                "name": "pypi",
                "url": "https://pypi.python.org/simple",
                "verify_ssl": true
            }
        ]
    },
    "default": {
        "ansible": {
            "hashes": [
                "sha256:1a276fee7f72d4e6601a7994879e8467edb763dacc3e215258cfe71350b77c76"
            ],
            "version": "==2.4.0.0"
        },
        "ansible-lint": {
            "hashes": [
                "sha256:0339e28e4c772ff2c963ebb06650fa38430eca8d8afd524de08aacb676799ff9"
            ],
            "version": "==3.4.16"
        },
        "anyconfig": {
            "hashes": [
                "sha256:5729dbeb5d801df2e9c65fbf3eef1018894baa6938539d113dbfd43264baa581"
            ],
            "version": "==0.9.1"
        },
        "arrow": {
            "hashes": [
                "sha256:805906f09445afc1f0fc80187db8fe07670e3b25cdafa09b8d8ac264a8c0c722"
            ],
            "version": "==0.10.0"
        },
        "asn1crypto": {
            "hashes": [
                "sha256:654b7db3b120e23474e9a1e5e38d268c77e58a9e17d2cb595456c37309846494",
                "sha256:0874981329cfebb366d6584c3d16e913f2a0eb026c9463efcc4aaf42a9d94d70"
            ],
            "version": "==0.23.0"
        },
        "backports.ssl-match-hostname": {
            "hashes": [
                "sha256:502ad98707319f4a51fa2ca1c677bd659008d27ded9f6380c79e8932e38dcdf2"
            ],
            "markers": "python_version < '3.5'",
            "version": "==3.5.0.1"
        },
        "bcrypt": {
            "hashes": [
                "sha256:4eb357ab2cd27f4c6151d33130c667e9245beb9d1e6779ccf7e196d4cc20ffa8",
                "sha256:9c3b27bcc772958a4a051ae333de802423ebe0a5dd4e58e642e6e9d641cd7f3c",
                "sha256:5dce51509227741323469b5c5ac6c6ccb2b2380800acc72e60bdf1b3359a5deb",
                "sha256:c68f89a235752c2c191f17ca9a5a2496cb278b57ceb3753621f502a3f576fec5",
                "sha256:06280fe19ffbcf6cf904de25190dd6fcd313e30bc79da305f5642a8295d1616e",
                "sha256:e0d47491bd496f823c7fdfdd6154b3e68b8ddf07556210bc46d39af31035f90a",
                "sha256:bebccf76fad01fe91426023b3a41ee991a3ab539f3d3d74b7acdb75baf111224",
                "sha256:b949fd8cab330cddb101d4d5fa1b02772b887c31280f10ee4530c2090c378b13",
                "sha256:1f3054d4da7c4a84b797d9130c36425b6e28134e9e67cd47b393774ea7168a3d",
                "sha256:5129442f3f131c1210734699ffa2b7f956786e3e943d38a3158ce174708d0296",
                "sha256:60c8aa69d18ee750d3678d67a265f1cf3559eabef98f90e3e646c3ff41e8795d",
                "sha256:35cfdfa3f64f8bad68d25f261bdc60fbb9e43f164881c496cb590bf8001aad83",
                "sha256:05b35b9842b009b44496fa5433ce462f69966291e50fbd471dbb427f399f748f",
                "sha256:70b69c68aede91eb96df81227c0a060ead75a008c3d7e4858dc165265d125c44",
                "sha256:329c547f5525808aecd77ccade9fd443e381f9d91fc8164da1dae9c195e1f1f5",
                "sha256:84b65684f53c4b6b9d9f61d7f9306e286613187bdf46f30d9a0bbadccfde2205",
                "sha256:81eb609e0e15336ce6d6acf37a2e4a89c5a2030b76bc7a907e7010d5b4332c38",
                "sha256:69dc348c0b6b34b855f3f340756b35f0398e18f0637fc815be567c664cba7d1b",
                "sha256:f2bfc588ff4e779e3659b8db348f5fb7b8192d63efc4bf15ecc50a72c820a221",
                "sha256:9cdc6fcd0eda471b66aca565ce214639f1ad1c5f3a71a205c492d04d139bb75b",
                "sha256:4396a33e112907f5978d5c40ca858b79fb1f6afd1caf3f8721c1411593d83bc2",
                "sha256:8b32df00118b8e7de99eb5ca78374eff1a3934ca42972a54283ddcb85d77164d",
                "sha256:73aabf7967c4dc319644c8bcfcbfe8106a475b16af481e0c12402dce2fbac44d",
                "sha256:f05cf87b6787b19c0daf9a7b89ac98708e48903120ccc04e4120528daba280fb",
                "sha256:66e3e1c105c1b811cf25974ee1eff53f2ebf4203c2e2c90e4b1097a837ba4a66",
                "sha256:5929214153af8e3e461777837e0de1a00f2ced48d921e55fb952b4d5702e1be2",
                "sha256:f1255ae53392e6e3a40955fa363d9522c915d3245c83029fd7a8ef500cd5f3be",
                "sha256:b7679e478041ad8eae3d70e73dc7f6a2e913142a5fc35a6cabfcb7af977559c1",
                "sha256:cdbcff01afda970b8d8e57633204f4501eddbe2c03932f51e7030aebddaf72d5",
                "sha256:c22f3e2c29cb592b65020605649f6d3cd4cf626e6cf97ce1843547e5ea4d5f68",
                "sha256:c8e236eabdaf230e5c49f26c28f95bc3788ba1296765a4e1b98143741fcd779c",
                "sha256:7f08048c4315f56f02dcef350c9b149a1b7a88c46d316e16a83f1f25a71323c6",
                "sha256:47d47df72e9f0462c8065a82da7b87f4b2577eb8a3fc855bcea165c2293beb84",
                "sha256:b67e222177bfd51532955307a1ec9afd5e9c90ba2ff9561acae562d1e75c6ac1",
                "sha256:5817b2b70a074cdab74c3871a2018d6931f8ef5148844006b8868b2be26f5abe",
                "sha256:6645c8d0ad845308de3eb9be98b6fd22a46ec5412bfc664a423e411cdd8f5488"
            ],
            "version": "==3.1.3"
        },
        "binaryornot": {
            "hashes": [
                "sha256:b8b71173c917bddcd2c16070412e369c3ed7f0528926f70cac18a6c97fd563e4",
                "sha256:359501dfc9d40632edc9fac890e19542db1a287bbcfa58175b66658392018061"
            ],
            "version": "==0.4.4"
        },
        "certifi": {
            "hashes": [
                "sha256:54a07c09c586b0e4c619f02a5e94e36619da8e2b053e20f594348c0611803704",
                "sha256:40523d2efb60523e113b44602298f0960e900388cf3bb6043f645cf57ea9e3f5"
            ],
            "version": "==2017.7.27.1"
        },
        "cffi": {
            "hashes": [
                "sha256:0c9ef6ff37e974b73c25eecc13952c55bceed9112be2d9d938ded8e856138bcc",
                "sha256:131fd094d1065b19540c3d72594260f118b231090295d8c34e19a7bbcf2e860a",
                "sha256:1b8ebc27c014c59692bb2664c7d13ce7a6e9a629be20e54e7271fa696ff2b417",
                "sha256:2c56b361916f390cd758a57f2e16233eb4f64bcbeee88a4881ea90fca14dc6ab",
                "sha256:2d92b25dbf6cae33f65005baf472d2c245c050b1ce709cc4588cdcdd5495b520",
                "sha256:31d13b0f99e0836b7ff893d37af07366ebc90b678b6664c955b54561fc36ef36",
                "sha256:32c68ef735dbe5857c810328cb2481e24722a59a2003018885514d4c09af9743",
                "sha256:3686dffb02459559c74dd3d81748269ffb0eb027c39a6fc99502de37d501faa8",
                "sha256:582215a0e9adbe0e379761260553ba11c58943e4bbe9c36430c4ca6ac74b15ed",
                "sha256:5b50bf3f55561dac5438f8e70bfcdfd74543fd60df5fa5f62d94e5867deca684",
                "sha256:5bf44d66cdf9e893637896c7faa22298baebcd18d1ddb6d2626a6e39793a1d56",
                "sha256:6602bc8dc6f3a9e02b6c22c4fc1e47aa50f8f8e6d3f78a5e16ac33ef5fefa324",
                "sha256:673739cb539f8cdaa07d92d02efa93c9ccf87e345b9a0b556e3ecc666718468d",
                "sha256:68678abf380b42ce21a5f2abde8efee05c114c2fdb2e9eef2efdb0257fba1235",
                "sha256:68e7c44931cc171c54ccb702482e9fc723192e88d25a0e133edd7aff8fcd1f6e",
                "sha256:6b3d6606d369fc1da4fd8c357d026317fbb9c9b75d36dc16e90e84c26854b088",
                "sha256:748dcd1e3d3d7cd5443ef03ce8685043294ad6bd7c02a38d1bd367cfd968e000",
                "sha256:7651c50c8c5ef7bdb41108b7b8c5a83013bfaa8a935590c5d74627c047a583c7",
                "sha256:7b78010e7b97fef4bee1e896df8a4bbb6712b7f05b7ef630f9d1da00f6444d2e",
                "sha256:7e61e3e4fa664a8588aa25c883eab612a188c725755afff6289454d6362b9673",
                "sha256:80876338e19c951fdfed6198e70bc88f1c9758b94578d5a7c4c91a87af3cf31c",
                "sha256:8895613bcc094d4a1b2dbe179d88d7fb4a15cee43c052e8885783fac397d91fe",
                "sha256:88e2b3c14bdb32e440be531ade29d3c50a1a59cd4e51b1dd8b0865c54ea5d2e2",
                "sha256:8f8e709127c6c77446a8c0a8c8bf3c8ee706a06cd44b1e827c3e6a2ee6b8c098",
                "sha256:9cb4a35b3642fc5c005a6755a5d17c6c8b6bcb6981baf81cea8bfbc8903e8ba8",
                "sha256:9f90389693731ff1f659e55c7d1640e2ec43ff725cc61b04b2f9c6d8d017df6a",
                "sha256:a09582f178759ee8128d9270cd1344154fd473bb77d94ce0aeb2a93ebf0feaf0",
                "sha256:a6a14b17d7e17fa0d207ac08642c8820f84f25ce17a442fd15e27ea18d67c59b",
                "sha256:a72e8961a86d19bdb45851d8f1f08b041ea37d2bd8d4fd19903bc3083d80c896",
                "sha256:abd808f9c129ba2beda4cfc53bde801e5bcf9d6e0f22f095e45327c038bfe68e",
                "sha256:ac0f5edd2360eea2f1daa9e26a41db02dd4b0451b48f7c318e217ee092a213e9",
                "sha256:b29ebffcf550f9da55bec9e02ad430c992a87e5f512cd63388abb76f1036d8d2",
                "sha256:b2ca4e77f9f47c55c194982e10f058db063937845bb2b7a86c84a6cfe0aefa8b",
                "sha256:b7be2d771cdba2942e13215c4e340bfd76398e9227ad10402a8767ab1865d2e6",
                "sha256:b84834d0cf97e7d27dd5b7f3aca7b6e9263c56308ab9dc8aae9784abb774d404",
                "sha256:b86851a328eedc692acf81fb05444bdf1891747c25af7529e39ddafaf68a4f3f",
                "sha256:bcb3ef43e58665bbda2fb198698fcae6776483e0c4a631aa5647806c25e02cc0",
                "sha256:c0f31130ebc2d37cdd8e44605fb5fa7ad59049298b3f745c74fa74c62fbfcfc4",
                "sha256:c6a164aa47843fb1b01e941d385aab7215563bb8816d80ff3a363a9f8448a8dc",
                "sha256:d8a9d3ebe49f084ad71f9269834ceccbf398253c9fac910c4fd7053ff1386936",
                "sha256:db8e577c19c0fda0beb7e0d4e09e0ba74b1e4c092e0e40bfa12fe05b6f6d75ba",
                "sha256:dc9b18bf40cc75f66f40a7379f6a9513244fe33c0e8aa72e2d56b0196a7ef872",
                "sha256:e09f3ff613345df5e8c3667da1d918f9149bd623cd9070c983c013792a9a62eb",
                "sha256:e4108df7fe9b707191e55f33efbcb2d81928e10cea45527879a4749cbe472614",
                "sha256:e6024675e67af929088fda399b2094574609396b1decb609c55fa58b028a32a1",
                "sha256:e70f54f1796669ef691ca07d046cd81a29cb4deb1e5f942003f401c0c4a2695d",
                "sha256:e715596e683d2ce000574bae5d07bd522c781a822866c20495e52520564f0969",
                "sha256:e760191dd42581e023a68b758769e2da259b5d52e3103c6060ddc02c9edb8d7b",
                "sha256:ed86a35631f7bfbb28e108dd96773b9d5a6ce4811cf6ea468bb6a359b256b1e4",
                "sha256:ee07e47c12890ef248766a6e55bd38ebfb2bb8edd4142d56db91b21ea68b7627",
                "sha256:fa3a0128b152627161ce47201262d3140edb5a5c3da88d73a1b790a959126956",
                "sha256:fcc8eb6d5902bb1cf6dc4f187ee3ea80a1eba0a89aba40a5cb20a5087d961357"
            ],
            "markers": "platform_python_implementation != 'PyPy'",
            "version": "==1.16.0"
        },
        "chardet": {
            "hashes": [
                "sha256:fc323ffcaeaed0e0a02bf4d117757b98aed530d9ed4531e3e15460124c106691",
                "sha256:84ab92ed1c4d4f16916e05906b6b75a6c0fb5db821cc65e70cbd64a3e2a5eaae"
            ],
            "version": "==3.0.4"
        },
        "click": {
            "hashes": [
                "sha256:29f99fc6125fbc931b758dc053b3114e55c77a6e4c6c3a2674a2dc986016381d",
                "sha256:f15516df478d5a56180fbf80e68f206010e6d160fc39fa508b65e035fd75130b"
            ],
            "version": "==6.7"
        },
        "click-completion": {
            "hashes": [
                "sha256:079fb138887d4de12a0b7fbebf8d92d396b7c1a9c49f63475d9f3909d2588976"
            ],
            "version": "==0.2.1"
        },
        "colorama": {
            "hashes": [
                "sha256:a4c0f5bc358a62849653471e309dcc991223cf86abafbec17cd8f41327279e89",
                "sha256:e043c8d32527607223652021ff648fbb394d5e19cba9f1a698670b338c9d782b",
                "sha256:f4945bf52ae49da0728fe730a33c18744803752fc948f154f29dc0c4f9f2f9cc"
            ],
            "version": "==0.3.7"
        },
        "configparser": {
            "hashes": [
                "sha256:5308b47021bc2340965c371f0f058cc6971a04502638d4244225c49d80db273a"
            ],
            "markers": "python_version < '3.2'",
            "version": "==3.5.0"
        },
        "cookiecutter": {
            "hashes": [
                "sha256:7d95c48717c725580b4ea6d80a7256479990ab8309003e60695ea1877c296fc9",
                "sha256:3fcb10dbfe4da02bf779a88f96109c1a28ff68f42d87587788f841735820249c"
            ],
            "version": "==1.5.1"
        },
        "cryptography": {
            "hashes": [
                "sha256:087887e55e0b9c8724cf05361357875adb5c20dec27e5816b653492980d20380",
                "sha256:09a77e5b2e8ca732a19a90c5bca2d124621a1edb5438c5daa2d2738bfeb02589",
                "sha256:130c0f77022b2b9c99d8cebcdd834d81705f61c68e91ddd614ce74c657f8b3ea",
                "sha256:141e2aa5ba100d3788c0ad7919b288f89d1fe015878b9659b307c9ef867d3a65",
                "sha256:28cb2c41f131a5758d6ba6a0504150d644054fd9f3203a1e8e8d7ac3aea7f73a",
                "sha256:2f9f14185962e6a04ab32d1abe34eae8a9001569ee4edb64d2304bf0d65c53f3",
                "sha256:320948ab49883557a256eab46149df79435a22d2fefd6a66fe6946f1b9d9d008",
                "sha256:36d4b7c4be6411f58f60d9ce555a73df8406d484ba12a63549c88bd64f7967f1",
                "sha256:3b15c678f27d66d247132cbf13df2f75255627bcc9b6a570f7d2fd08e8c081d2",
                "sha256:3dbd37e14ce795b4af61b89b037d4bc157f2cb23e676fa16932185a04dfbf635",
                "sha256:4383b47f45b14459cab66048d384614019965ba6c1a1a141f11b5a551cace1b2",
                "sha256:44c95c0e96b3cb628e8452ec060413a49002a247b2b9938989e23a2c8291fc90",
                "sha256:4b063d3413f853e056161eb0c7724822a9740ad3caa24b8424d776cebf98e7ee",
                "sha256:52ed9ebf8ac602385126c9a2fe951db36f2cb0c2538d22971487f89d0de4065a",
                "sha256:55d1580e2d7e17f45d19d3b12098e352f3a37fe86d380bf45846ef257054b242",
                "sha256:5ef9bc3d046ce83c4bbf4c25e1e0547b9c441c01d30922d812e887dc5f125c12",
                "sha256:5fa82a26f92871eca593b53359c12ad7949772462f887c35edaf36f87953c0e2",
                "sha256:61321672b3ac7aade25c40449ccedbc6db72c7f5f0fdf34def5e2f8b51ca530d",
                "sha256:701171f825dcab90969596ce2af253143b93b08f1a716d4b2a9d2db5084ef7be",
                "sha256:841ec8af7a8491ac76ec5a9522226e287187a3107e12b7d686ad354bb78facee",
                "sha256:8a06641fb07d4e8f6c7dda4fc3f8871d327803ab6542e33831c7ccfdcb4d0ad6",
                "sha256:8e88bb9eafbf6a4014d55fb222e7360eef53e613215085e65a13290577394529",
                "sha256:a00aee5d1b6c20620161984f8ab2ab69134466c51f58c052c11b076715e72929",
                "sha256:a047682d324ba56e61b7ea7c7299d51e61fd3bca7dad2ccc39b72bd0118d60a1",
                "sha256:a7ef8dd0bf2e1d0a27042b231a3baac6883cdd5557036f5e8df7139255feaac6",
                "sha256:ad28cff53f60d99a928dfcf1e861e0b2ceb2bc1f08a074fdd601b314e1cc9e0a",
                "sha256:b9097a208875fc7bbeb1286d0125d90bdfed961f61f214d3f5be62cd4ed8a446",
                "sha256:b97fe7d7991c25e6a31e5d5e795986b18fbbb3107b873d5f3ae6dc9a103278e9",
                "sha256:e0ec52ba3c7f1b7d813cd52649a5b3ef1fc0d433219dc8c93827c57eab6cf888",
                "sha256:ea2c3ffb662fec8bbbfce5602e2c159ff097a4631d96235fcf0fb00e59e3ece4",
                "sha256:fa3dec4ba8fb6e662770b74f62f1a0c7d4e37e25b58b2bf2c1be4c95372b4a33",
                "sha256:fbeb725c9dc799a574518109336acccaf1303c30d45c075c665c0793c2f79a7f"
            ],
            "index": "pypi",
            "markers": "python_version >= '3.7'",
            "version": "==42.0.2"
        },
        "docker-py": {
            "hashes": [
                "sha256:35b506e95861914fa5ad57a6707e3217b4082843b883be246190f57013948aba",
                "sha256:4c2a75875764d38d67f87bc7d03f7443a3895704efc57962bdf6500b8d4bc415"
            ],
            "version": "==1.10.6"
        },
        "docker-pycreds": {
            "hashes": [
                "sha256:58d2688f92de5d6f1a6ac4fe25da461232f0e0a4c1212b93b256b046b2d714a9",
                "sha256:93833a2cf280b7d8abbe1b8121530413250c6cd4ffed2c1cf085f335262f7348"
            ],
            "version": "==0.2.1"
        },
        "enum34": {
            "hashes": [
                "sha256:6bd0f6ad48ec2aa117d3d141940d484deccda84d4fcd884f5c3d93c23ecd8c79",
                "sha256:644837f692e5f550741432dd3f223bbb9852018674981b1664e5dc339387588a",
                "sha256:8ad8c4783bf61ded74527bffb48ed9b54166685e4230386a9ed9b1279e2df5b1",
                "sha256:2d81cbbe0e73112bdfe6ef8576f2238f2ba27dd0d55752a776c41d38b7da2850"
            ],
            "markers": "python_version < '3.4'",
            "version": "==1.1.6"
        },
        "fasteners": {
            "hashes": [
                "sha256:564a115ff9698767df401efca29620cbb1a1c2146b7095ebd304b79cc5807a7c",
                "sha256:427c76773fe036ddfa41e57d89086ea03111bbac57c55fc55f3006d027107e18"
            ],
            "version": "==0.14.1"
        },
        "flake8": {
            "hashes": [
                "sha256:83905eadba99f73fbfe966598aaf1682b3eb6755d2263c5b33a4e8367d60b0d1",
                "sha256:b907a26dcf5580753d8f80f1be0ec1d5c45b719f7bac441120793d1a70b03f12"
            ],
            "version": "==3.3.0"
        },
        "future": {
            "hashes": [
                "sha256:e39ced1ab767b5936646cedba8bcce582398233d6a627067d4c6a454c90cfedb"
            ],
            "version": "==0.16.0"
        },
        "git-url-parse": {
            "hashes": [
                "sha256:bf0a20c48e8552fea1218b52714be84fa31b0d73c58897e70b765d5e7a26f4cb",
                "sha256:5cec43946d06d1a35e90567473d9ffe929c38ff25fd01a1858331cd0aa265e44",
                "sha256:75d1cf1e19534678711e1a9293e6fb978461a5f734adf941cd468a802d08bbb2"
            ],
            "version": "==1.0.2"
        },
        "idna": {
            "hashes": [
                "sha256:8c7309c718f94b3a625cb648ace320157ad16ff131ae0af362c9f21b80ef6ec4",
                "sha256:2c6a5de3089009e3da7c5dde64a141dbc8551d5b7f6cf4ed7c2568d0cc520a8f"
            ],
            "version": "==2.6"
        },
        "ipaddress": {
            "hashes": [
                "sha256:d34cf15d95ce9a734560f7400a8bd2ac2606f378e2a1d0eadbf1c98707e7c74a",
                "sha256:5d8534c8e185f2d8a1fda1ef73f2c8f4b23264e8e30063feeb9511d492a413e1"
            ],
            "markers": "python_version < '3.3'",
            "version": "==1.0.18"
        },
        "jinja2": {
            "hashes": [
                "sha256:2231bace0dfd8d2bf1e5d7e41239c06c9e0ded46e70cc1094a0aa64b0afeb054",
                "sha256:ddaa01a212cd6d641401cb01b605f4a4d9f37bfc93043d7f760ec70fb99ff9ff"
            ],
            "version": "==2.9.6"
        },
        "jinja2-time": {
            "hashes": [
                "sha256:d3eab6605e3ec8b7a0863df09cc1d23714908fa61aa6986a845c20ba488b4efa",
                "sha256:d14eaa4d315e7688daa4969f616f226614350c48730bfa1692d2caebd8c90d40"
            ],
            "version": "==0.2.0"
        },
        "markupsafe": {
            "hashes": [
                "sha256:a6be69091dac236ea9c6bc7d012beab42010fa914c459791d627dad4910eb665"
            ],
            "version": "==1.0"
        },
        "marshmallow": {
            "hashes": [
                "sha256:f16c8959ee7a1dbdb794d2bc171aeb2c3d6105a32318b5128e95ae538dca395b",
                "sha256:2f72131c0d01079b2f306d0ffe1e59b2ef42a3b247f8d87a283a2abb67fb1911"
            ],
            "version": "==2.13.5"
        },
        "mccabe": {
            "hashes": [
                "sha256:ab8a6258860da4b6677da4bd2fe5dc2c659cff31b3ee4f7f5d64e79735b80d42",
                "sha256:dd8d182285a0fe56bace7f45b5e7d1a6ebcbf524e8f3bd87eb0f125271b8831f"
            ],
            "version": "==0.6.1"
        },
        "molecule": {
            "hashes": [
                "sha256:d8a088d09dbca1a0f161ecc8812e118b7bf9cd8baa7526505cd88e098df32ec5",
                "sha256:57af4c10356c6cb161c7c3b7a4d08875dc24b077361e4dca2881d68234b108d4"
            ],
            "version": "==2.2.1"
        },
        "monotonic": {
            "hashes": [
                "sha256:a8c7690953546c6bc8a4f05d347718db50de1225b29f4b9f346c0c6f19bdc286",
                "sha256:2b469e2d7dd403f7f7f79227fe5ad551ee1e76f8bb300ae935209884b93c7c1b"
            ],
            "version": "==1.3"
        },
        "paramiko": {
            "hashes": [
                "sha256:f7740f3ac011da4f8030c4d882bcad6344ef7e5728cf991eef90fccef2963aab",
                "sha256:fa6b4f5c9d88f27c60fd9578146ff24e99d4b9f63391ff1343305bfd766c4660"
            ],
            "version": "==2.3.1"
        },
        "pathspec": {
            "hashes": [
                "sha256:72c495d1bbe76674219e307f6d1c6062f2e1b0b483a5e4886435127d0df3d0d3"
            ],
            "version": "==0.5.5"
        },
        "pbr": {
            "hashes": [
                "sha256:dfc304262e881066bc675a59a348733af17bee1d57084d9e2a0c96b952a82db7",
                "sha256:d7e8917458094002b9a2e0030ba60ba4c834c456071f2d0c1ccb5265992ada91"
            ],
            "version": "==3.0.1"
        },
        "pexpect": {
            "hashes": [
                "sha256:f853b52afaf3b064d29854771e2db509ef80392509bde2dd7a6ecf2dfc3f0018",
                "sha256:3d132465a75b57aa818341c6521392a06cc660feb3988d7f1074f39bd23c9a92"
            ],
            "version": "==4.2.1"
        },
        "poyo": {
            "hashes": [
                "sha256:230ec11c2f35a23410c1f0e474f09fa4e203686f40ab3adca7b039c845d8c325",
                "sha256:103b4ee3e1c7765098fe1cabe43f828db2e2a6079646561a2117e1a809f352d6"
            ],
            "version": "==0.4.1"
        },
        "psutil": {
            "hashes": [
                "sha256:db473f0d45a56d422502043f3755385fcfd83f5bb0947bc807fcad689230f37f",
                "sha256:dcd9d3131f83480648da40d2c39403657c63a81e56e4e8d8e905bf65c133d59c",
                "sha256:3f79a044db0aae96592ef42be459e37095d0c2cebcae4fd7baf486d37a85a8cd",
                "sha256:838c66c123cb024bf8c8d2fec902b38c51f75b27988f4487d81383d1d3d8a8ce",
                "sha256:a155875d2fedb614c2cd687fe47953d03a47f76eb39bd5756931b288b685655f",
                "sha256:a989876ac0cc7942ef9481b96d3bfc02777dc798d4a7a1b4e8f0f284228f3434",
                "sha256:32616c5736f1de446e77865305e7f56905c718991f820c8286436adea8192f32",
                "sha256:50c8ddc3a6d1cda1de6d7aaf1af10896832c6d686fc7d0fe3d01c1eb51e6f521",
                "sha256:e8b65a80e978af9bf10be423442155032c589b7042b4a26edc410dc36819d65e",
                "sha256:7a5c0973bd4c1de98d9b225bd4303a0718d31e31d6e2342e825c3e656f7056df",
                "sha256:44746540c0fab5b95401520d29eb9ffe84b3b4a235bd1d1971cbe36e1f38dd13",
                "sha256:147093b75b8874e55e6b26c540544d40e98845bc4ee74dc6054c881fd2a3eed9",
                "sha256:3d3c5c117e55c486a53ef796cc715035bf4f56419cc32dbd124fe26e9289ad1e",
                "sha256:0c74c6a494b650966b88da256cab4e507f483c53e85b9b10d3ff9c38f059330b",
                "sha256:b5583d1c2c858056d39bd148ed25839c4f1b76fec8fb2cb9b564c82997a21266",
                "sha256:1da0aa70d66612588d77daed7784e623aac1fd038681c3acd0e1c76b2b2f0819",
                "sha256:70732850abd11f4d9fa46f0e110af21030e0a6088204f332d335921b36e66305",
                "sha256:5d2f076788d71d2e1c7276f1e5a1bc255f29c2e80eb8879a9ffc633c5bf69481",
                "sha256:fecda42b274dc618278bd9139e8493c9459d2174376f82b65ba929557f10e880",
                "sha256:92e3500dfaf7a5502ebaf4a7472e2afb9ff0cb36b4e5dc1977b3c774f58332db",
                "sha256:ed09521d49ee177f1205ed9791ad62263feacd2fe1cc20d1d33cf37923f240ea"
            ],
            "version": "==5.2.2"
        },
        "ptyprocess": {
            "hashes": [
                "sha256:e8c43b5eee76b2083a9badde89fd1bbce6c8942d1045146e100b7b5e014f4f1a",
                "sha256:e64193f0047ad603b71f202332ab5527c5e52aa7c8b609704fc28c0dc20c4365"
            ],
            "version": "==0.5.2"
        },
        "py": {
            "hashes": [
                "sha256:2ccb79b01769d99115aa600d7eed99f524bf752bba8f041dc1c184853514655a",
                "sha256:0f2d585d22050e90c7d293b6451c83db097df77871974d90efd5a30dc12fcde3"
            ],
            "version": "==1.4.34"
        },
        "pyasn1": {
            "hashes": [
                "sha256:5eac8d0c1c1282842c9145ae134990a1baf7616eb4cee9129213fad76eba4f54",
                "sha256:960a603e677897ea29b9a1327b789b7b8a9e187a89e05fed9c3152b3b7c22954",
                "sha256:4bb562b9f1fc4526028b2aa4dc027dce08f3ade0780abc593a02ce6dbade6e6c",
                "sha256:8fa8884056bd5b2c92ca1685e6344121b6b43718b44f0c6eb223958003c9d14a",
                "sha256:16e896433f84575f0636cd9aa8b24659689268a62e00f17235e1fc23c6b00b25",
                "sha256:bb6f5d5507621e0298794bc3e75b8f963e886cee388a378ab58e5c35ac024276",
                "sha256:60bf78784b117979f5517c38308f6965fff6c803660fbb16368d94433953b62a",
                "sha256:4a677c6c9e484977ed6c6a93714ff06ac374220408afeaeef4ef2af652af0f3d",
                "sha256:b16fb6097d00bbafc114861b16ea41cfe63e32fed1bdc7cd5905a3e02a992fa3",
                "sha256:8212bde51ec192e30654efe10e636082738ed728e316049f3685d66b8c92941c",
                "sha256:8d4f0971682203bdfc93740ee7d3fcba0a7f55629451dbe2d32af2335c55b2be",
                "sha256:187f2a66d617683f8e82d5c00033b7c8a0287e1da88a9d577aebec321cad4965"
            ],
            "version": "==0.3.7"
        },
        "pycodestyle": {
            "hashes": [
                "sha256:6c4245ade1edfad79c3446fadfc96b0de2759662dc29d07d80a6f27ad1ca6ba9",
                "sha256:682256a5b318149ca0d2a9185d365d8864a768a28db66a84a2ea946bcc426766"
            ],
            "version": "==2.3.1"
        },
        "pycparser": {
            "hashes": [
                "sha256:8ee45429555515e1f6b185e78100aea234072576aa43ab53aefcae078162fca9",
                "sha256:e644fdec12f7872f86c58ff790da456218b10f863970249516d60a5eaca77206"
            ],
            "version": "==2.21"
        },
        "pyflakes": {
            "hashes": [
                "sha256:cc5eadfb38041f8366128786b4ca12700ed05bbf1403d808e89d57d67a3875a7",
                "sha256:aa0d4dff45c0cc2214ba158d29280f8fa1129f3e87858ef825930845146337f4"
            ],
            "version": "==1.5.0"
        },
        "pynacl": {
            "hashes": [
                "sha256:9558ef5c1ae45322c054d1d1151016e0463b4da8b5c746a675e99c5c7d8f4faa",
                "sha256:301c966c1e17950e50d174ab4b2e7ef3e98ff51ad7a591152a19fe2139281eed",
                "sha256:4d21d733a63637ddf41d0cab50135ec9f5224dd22fd10ebf5c5f5f946b833f84",
                "sha256:99f91eb80b85fe16f70d362cfeae8eeeb108cd09a85f039fdab02164762f764b",
                "sha256:57314a7bad4bd39501dc622942f9921923673e52e126b0fc4f0214b5d25d619a",
                "sha256:c93d151efcdd7d214b1b11d781c9f1b125f0208cd06d9762bddabdfeac1cedfc",
                "sha256:1b4938a557b32e5c6b27fac79a94cf1abb70753b5462a0b577bd2a77e09dacd0",
                "sha256:506bc2591968a1a7b6577075bc29a591d8fff5bdfec03b0dd926f34b75b670e5",
                "sha256:4c15d7cea1a313fff3f68222e682ee1f855e43c0865081cad7385066a6b57d75",
                "sha256:c4ea0e3b9f3317ada56e12c7b37f6d0316900ae8b54a20d7b100d4e14350ac87",
                "sha256:53d83faf274813a5778bba1cd4cb96b79f39e44a63b1c4a4dada01a2b0eeafe8",
                "sha256:5172395dea8203ae124fd282fef3d242aa75366d66aebc0f5aab0c4753eed97b",
                "sha256:877879903cddb5da317fe86d923f65eb28c62fd7feb79cd3402d166e401f9423",
                "sha256:123c41df1db119397f2e26e9c63ca2ea853d3663e26b1c389bd3859dc1b7178a",
                "sha256:ceb16b7977123713ad898450ca86a2dc6706a17fe4cf278ffb6b76929c186550",
                "sha256:813d4170f62d68236bb041cf731e8d1f34fc1006a5e5d81139bead6ddaa9d169",
                "sha256:f01405a5c453b866e35338c53882f7ba7069c1f4e4045ce67513ad45c796f8a5",
                "sha256:4a3be9f884df08087996516707446ba55648bbefae8428bf578fa05f20fa2ed9",
                "sha256:7d14f18f8bc43977691276097524b9713d21b9635fea9791311261a66e4fe296",
                "sha256:9532aaa446840ece574c719ad3bbf25f60ca9871f48b5446e3f73e8b498e2398",
                "sha256:67b75a950dbc4025bfa549c183baa17db4096955912f385df31830e5a2121974",
                "sha256:dfc85c2b414dee700e32764559d560063825ec1470d3ee6c973e43c80a622e56",
                "sha256:3fd984580cbea8e02fc531aa32ab9487b72c30127f9e4c8db9ba3fe8950ecc93",
                "sha256:75a427377b2088c29a44db08c796c75a9cde2f9725dd041903cfbc0f6034895c",
                "sha256:ca2deb968135f1400105ca902f5cef24ba6984b6a4904756498afcb9077c76f9",
                "sha256:ffb74ac578b3b80b1d2d5a23a6dd7b1d6682e5fce6a7b3d21b46b180a5546055",
                "sha256:b796d95704b674100bd99fc42bbde9f8f2ccddae8599a4d4bbcb518428dfbfed",
                "sha256:32f52b754abf07c319c04ce16905109cab44b0e7f7c79497431d3b2000f8af8c"
            ],
            "version": "==1.1.2"
        },
        "pytest": {
            "hashes": [
                "sha256:81a25f36a97da3313e1125fce9e7bbbba565bc7fec3c5beb14c262ddab238ac1",
                "sha256:27fa6617efc2869d3e969a3e75ec060375bfb28831ade8b5cdd68da3a741dc3c"
            ],
            "version": "==3.2.3"
        },
        "python-dateutil": {
            "hashes": [
                "sha256:95511bae634d69bc7329ba55e646499a842bc4ec342ad54a8cdb65645a0aad3c",
                "sha256:891c38b2a02f5bb1be3e4793866c8df49c7d19baabf9c1bad62547e0b4866aca"
            ],
            "version": "==2.6.1"
        },
        "python-gilt": {
            "hashes": [
                "sha256:ca6f4b9ff6819f1bc79181d06dd3f56c04ee1010271caf0f5b390957c6cde7f2",
                "sha256:4b0f08d1dcbb72a7d5f652a32da293bfccaf338d61bd77f9e875388b3ccf604b",
                "sha256:24e87871381a847a74e97516b605cde922e63a144d8bfa4343d2193b2e89cc9d"
            ],
            "version": "==1.1.0"
        },
        "pyyaml": {
            "hashes": [
                "sha256:3262c96a1ca437e7e4763e2843746588a965426550f3797a79fca9c6199c431f",
                "sha256:16b20e970597e051997d90dc2cddc713a2876c47e3d92d59ee198700c5427736",
                "sha256:e863072cdf4c72eebf179342c94e6989c67185842d9997960b3e69290b2fa269",
                "sha256:bc6bced57f826ca7cb5125a10b23fd0f2fff3b7c4701d64c439a300ce665fff8",
                "sha256:c01b880ec30b5a6e6aa67b09a2fe3fb30473008c85cd6a67359a1b15ed6d83a4",
                "sha256:827dc04b8fa7d07c44de11fabbc888e627fa8293b695e0f99cb544fdfa1bf0d1",
                "sha256:592766c6303207a20efc445587778322d7f73b161bd994f227adaa341ba212ab",
                "sha256:5f84523c076ad14ff5e6c037fe1c89a7f73a3e04cf0377cb4d017014976433f3",
                "sha256:0c507b7f74b3d2dd4d1322ec8a94794927305ab4cebbe89cc47fe5e81541e6e8",
                "sha256:b4c423ab23291d3945ac61346feeb9a0dc4184999ede5e7c43e1ffb975130ae6",
                "sha256:ca233c64c6e40eaa6c66ef97058cdc80e8d0157a443655baa1b2966e812807ca",
                "sha256:4474f8ea030b5127225b8894d626bb66c01cda098d47a2b0d3429b6700af9fd8",
                "sha256:326420cbb492172dec84b0f65c80942de6cedb5233c413dd824483989c000608",
                "sha256:5ac82e411044fb129bae5cfbeb3ba626acb2af31a8d17d175004b70862a741a7"
            ],
            "version": "==3.12"
        },
        "requests": {
            "hashes": [
                "sha256:6a1b267aa90cac58ac3a765d067950e7dbbf75b1da07e895d1f594193a40a38b",
                "sha256:9c443e7324ba5b85070c4a818ade28bfabedf16ea10206da1132edaa6dda237e"
            ],
            "version": "==2.18.4"
        },
        "sh": {
            "hashes": [
                "sha256:ae3258c5249493cebe73cb4e18253a41ed69262484bad36fdb3efcb8ad8870bb",
                "sha256:b52bf5833ed01c7b5c5fb73a7f71b3d98d48e9b9b8764236237bdc7ecae850fc"
            ],
            "version": "==1.12.14"
        },
        "six": {
            "hashes": [
                "sha256:832dc0e10feb1aa2c68dcc57dbb658f1c7e65b9b61af69048abc87a2db00a0eb",
                "sha256:70e8a77beed4562e7f14fe23a786b54f6296e34344c23bc42f07b15018ff98e9"
            ],
            "version": "==1.11.0"
        },
        "tabulate": {
            "hashes": [
                "sha256:1f07f6252b20cdc4ed744b598b5fa8362638988b50a62f3e2ad76c97fc02eef2",
                "sha256:83a0b8e17c09f012090a50e1e97ae897300a72b35e0c86c0b53d3bd2ae86d8c6"
            ],
            "version": "==0.7.7"
        },
        "testinfra": {
            "hashes": [
                "sha256:87f22dbccf8f4b919974aba680b782afdb6a305ee53fbcdfa0a8bd494e75ca88",
                "sha256:c44e6ff72b82457e63b60606707be008dc3107f40164130e365fc677ca3edc3f"
            ],
            "version": "==1.7.1"
        },
        "tree-format": {
            "hashes": [
                "sha256:498675b97b7b0d746294a3b273fd25217a8700b6045f5792fd753c2dbe25c678",
                "sha256:65b3383ae66ceef8d5e467e51269ba66171c629aa24ddfae859e1a5e38ba778b"
            ],
            "version": "==0.1.1"
        },
        "urllib3": {
            "hashes": [
                "sha256:06330f386d6e4b195fbfc736b297f58c5a892e4440e54d294d7004e3a9bbea1b",
                "sha256:cc44da8e1145637334317feebd728bd869a35285b93cbb4cca2577da7e62db4f"
            ],
            "version": "==1.22"
        },
        "websocket-client": {
            "hashes": [
                "sha256:91222bb3a22ba989ac87eec9121655f295dcb746b6207c5576ffa549ab69302c",
                "sha256:15f585566e2ea7459136a632b9785aa081093064391878a448c382415e948d72"
            ],
            "version": "==0.44.0"
        },
        "whichcraft": {
            "hashes": [
                "sha256:cd0e10b58960ab877d9f273cd28788730936c3cdaceec2dafad97c7cf3067d46",
                "sha256:9e0d51c9387cb7e9f28b7edb549e6a03da758f7784f991eb4397d7f7808c57fd"
            ],
            "version": "==0.4.1"
        },
        "yamllint": {
            "hashes": [
                "sha256:806b21828ca92fd6e9f20d8eccfa53035e38041854bb4d1b666f271a7788dbcf",
                "sha256:048743567ca9511e19222233ebb53795586a2cede07b79e801577e0a9b4f173c"
            ],
            "version": "==1.8.1"
        }
    },
    "develop": {}
}
