{
    "_meta": {
        "hash": {
            "sha256": "01bdeb464dec3c17d8ae1418ed499c9c20a7f8108421d9558ad3c183c3ca8aa9"
        },
        "pipfile-spec": 6,
        "requires": {},
        "sources": [
            {
                "name": "pypi",
                "url": "https://pypi.python.org/simple",
                "verify_ssl": true
            }
        ]
    },
    "default": {
        "ansible": {
            "hashes": [
                "sha256:1a276fee7f72d4e6601a7994879e8467edb763dacc3e215258cfe71350b77c76"
            ],
            "version": "==2.4.0.0"
        },
        "ansible-lint": {
            "hashes": [
                "sha256:0339e28e4c772ff2c963ebb06650fa38430eca8d8afd524de08aacb676799ff9"
            ],
            "version": "==3.4.16"
        },
        "anyconfig": {
            "hashes": [
                "sha256:5729dbeb5d801df2e9c65fbf3eef1018894baa6938539d113dbfd43264baa581"
            ],
            "version": "==0.9.1"
        },
        "arrow": {
            "hashes": [
                "sha256:805906f09445afc1f0fc80187db8fe07670e3b25cdafa09b8d8ac264a8c0c722"
            ],
            "version": "==0.10.0"
        },
        "asn1crypto": {
            "hashes": [
                "sha256:654b7db3b120e23474e9a1e5e38d268c77e58a9e17d2cb595456c37309846494",
                "sha256:0874981329cfebb366d6584c3d16e913f2a0eb026c9463efcc4aaf42a9d94d70"
            ],
            "version": "==0.23.0"
        },
        "backports.ssl-match-hostname": {
            "hashes": [
                "sha256:502ad98707319f4a51fa2ca1c677bd659008d27ded9f6380c79e8932e38dcdf2"
            ],
            "markers": "python_version < '3.5'",
            "version": "==3.5.0.1"
        },
        "bcrypt": {
            "hashes": [
                "sha256:4eb357ab2cd27f4c6151d33130c667e9245beb9d1e6779ccf7e196d4cc20ffa8",
                "sha256:9c3b27bcc772958a4a051ae333de802423ebe0a5dd4e58e642e6e9d641cd7f3c",
                "sha256:5dce51509227741323469b5c5ac6c6ccb2b2380800acc72e60bdf1b3359a5deb",
                "sha256:c68f89a235752c2c191f17ca9a5a2496cb278b57ceb3753621f502a3f576fec5",
                "sha256:06280fe19ffbcf6cf904de25190dd6fcd313e30bc79da305f5642a8295d1616e",
                "sha256:e0d47491bd496f823c7fdfdd6154b3e68b8ddf07556210bc46d39af31035f90a",
                "sha256:bebccf76fad01fe91426023b3a41ee991a3ab539f3d3d74b7acdb75baf111224",
                "sha256:b949fd8cab330cddb101d4d5fa1b02772b887c31280f10ee4530c2090c378b13",
                "sha256:1f3054d4da7c4a84b797d9130c36425b6e28134e9e67cd47b393774ea7168a3d",
                "sha256:5129442f3f131c1210734699ffa2b7f956786e3e943d38a3158ce174708d0296",
                "sha256:60c8aa69d18ee750d3678d67a265f1cf3559eabef98f90e3e646c3ff41e8795d",
                "sha256:35cfdfa3f64f8bad68d25f261bdc60fbb9e43f164881c496cb590bf8001aad83",
                "sha256:05b35b9842b009b44496fa5433ce462f69966291e50fbd471dbb427f399f748f",
                "sha256:70b69c68aede91eb96df81227c0a060ead75a008c3d7e4858dc165265d125c44",
                "sha256:329c547f5525808aecd77ccade9fd443e381f9d91fc8164da1dae9c195e1f1f5",
                "sha256:84b65684f53c4b6b9d9f61d7f9306e286613187bdf46f30d9a0bbadccfde2205",
                "sha256:81eb609e0e15336ce6d6acf37a2e4a89c5a2030b76bc7a907e7010d5b4332c38",
                "sha256:69dc348c0b6b34b855f3f340756b35f0398e18f0637fc815be567c664cba7d1b",
                "sha256:f2bfc588ff4e779e3659b8db348f5fb7b8192d63efc4bf15ecc50a72c820a221",
                "sha256:9cdc6fcd0eda471b66aca565ce214639f1ad1c5f3a71a205c492d04d139bb75b",
                "sha256:4396a33e112907f5978d5c40ca858b79fb1f6afd1caf3f8721c1411593d83bc2",
                "sha256:8b32df00118b8e7de99eb5ca78374eff1a3934ca42972a54283ddcb85d77164d",
                "sha256:73aabf7967c4dc319644c8bcfcbfe8106a475b16af481e0c12402dce2fbac44d",
                "sha256:f05cf87b6787b19c0daf9a7b89ac98708e48903120ccc04e4120528daba280fb",
                "sha256:66e3e1c105c1b811cf25974ee1eff53f2ebf4203c2e2c90e4b1097a837ba4a66",
                "sha256:5929214153af8e3e461777837e0de1a00f2ced48d921e55fb952b4d5702e1be2",
                "sha256:f1255ae53392e6e3a40955fa363d9522c915d3245c83029fd7a8ef500cd5f3be",
                "sha256:b7679e478041ad8eae3d70e73dc7f6a2e913142a5fc35a6cabfcb7af977559c1",
                "sha256:cdbcff01afda970b8d8e57633204f4501eddbe2c03932f51e7030aebddaf72d5",
                "sha256:c22f3e2c29cb592b65020605649f6d3cd4cf626e6cf97ce1843547e5ea4d5f68",
                "sha256:c8e236eabdaf230e5c49f26c28f95bc3788ba1296765a4e1b98143741fcd779c",
                "sha256:7f08048c4315f56f02dcef350c9b149a1b7a88c46d316e16a83f1f25a71323c6",
                "sha256:47d47df72e9f0462c8065a82da7b87f4b2577eb8a3fc855bcea165c2293beb84",
                "sha256:b67e222177bfd51532955307a1ec9afd5e9c90ba2ff9561acae562d1e75c6ac1",
                "sha256:5817b2b70a074cdab74c3871a2018d6931f8ef5148844006b8868b2be26f5abe",
                "sha256:6645c8d0ad845308de3eb9be98b6fd22a46ec5412bfc664a423e411cdd8f5488"
            ],
            "version": "==3.1.3"
        },
        "binaryornot": {
            "hashes": [
                "sha256:b8b71173c917bddcd2c16070412e369c3ed7f0528926f70cac18a6c97fd563e4",
                "sha256:359501dfc9d40632edc9fac890e19542db1a287bbcfa58175b66658392018061"
            ],
            "version": "==0.4.4"
        },
        "certifi": {
            "hashes": [
                "sha256:54a07c09c586b0e4c619f02a5e94e36619da8e2b053e20f594348c0611803704",
                "sha256:40523d2efb60523e113b44602298f0960e900388cf3bb6043f645cf57ea9e3f5"
            ],
            "version": "==2017.7.27.1"
        },
        "cffi": {
            "hashes": [
                "sha256:2c707e97ad7b0417713543be7cb87315c015bb5dd97903480168d60ebe3e313e",
                "sha256:6d8c7e20eb90be9e1ccce8e8dd4ee5163b37289fc5708f9eeafc00adc07ba891",
                "sha256:627298d788edcb317b6a01347428501e773f5e8f2988407231c07e50e3f6c1cf",
                "sha256:bdd28cf8302eeca1b4c70ec727de384d4f6ea640b0e698934fd9b4c3bc88eeb1",
                "sha256:248198cb714fe09f5c60b6acba3675d52199c6142641536796cdf89dd45e5590",
                "sha256:c962cb68987cbfb70b034f153bfa467c615c0b55305d39b3237c4bdbdbc8b0f4",
                "sha256:401ba2f6c1f1672b6c38670e1c00fa5f84f841edd30c32742dab5c7151cd89bf",
                "sha256:1c103c0ee8235c47c4892288b2287014f33e7cb24b9d4a665be3aa744377dcb9",
                "sha256:d7461ef8671ae40f991384bbc4a6b1b79f4e7175d8052584be44041996f46517",
                "sha256:3ac9be5763238da1d6fa467c43e3f86472626837a478588c94165df09e62e120",
                "sha256:d54a7c37f954fdbb971873c935a77ddc33690cec9b7ac254d9f948c43c32fa83",
                "sha256:4d9bf1b23896bcd4d042e823f50ad36fb6d8e1e645a3dfb2fe2f070851489b92",
                "sha256:61cf049b1c649d8eec360a1a1d09a61c37b9b2d542364506e8feb4afd232363d",
                "sha256:ce3da410ae2ab8709565cc3b18fbe9a0eb96ea7b2189416098c48d839ecced84",
                "sha256:e72d8b5056f967ecb57e166537408bc913f2f97dc568027fb6342fcfa9f81d64",
                "sha256:11a8ba88ef6ae89110ef029dae7f1a293365e50bdd0c6ca973beed80cec95ae4",
                "sha256:974f69112721ba2e8a6acd0f6b68a5e11432710a3eca4e4e6f4d7aaf99214ed1",
                "sha256:062c66dabc3faf8e0db1ca09a6b8e308846e5d35f43bed1a68c492b0d96ac171",
                "sha256:03a9b9efc280dbe6be149a7fa689f59a822df009eee633fdaf55a6f38795861f",
                "sha256:8b3d6dc9981cedfb1ddcd4600ec0c7f5ac2c6ad2dc482011c7eecb4ae9c819e0",
                "sha256:09b7d195d163b515ef7c2b2e26a689c9816c83d5319cceac6c36ffdab97ab048",
                "sha256:943b94667749d1cfcd964e215a20b9c891deae913202ee8eacaf2b94164b155f",
                "sha256:89829f5cfbcb5ad568a3d61bd23a8e33ad69b488d8f6a385e0097a4c20742a9b",
                "sha256:ba78da7c940b041cdbb5aaff5afe11e8a8f25fe19564c12eefea5c5bd86930ca",
                "sha256:a79b15b9bb4726672865cf5b0f63dee4835974a2b11b49652d70d49003f5d1f4",
                "sha256:f6799913eb510b682de971ddef062bbb4a200f190e55cae81c413bc1fd4733c1",
                "sha256:e7f5ad6b12f21b77d3a37d5c67260e464f4e9068eb0c0622f61d0e30390b31b6",
                "sha256:5f96c92d5f5713ccb71e76dfa14cf819c59ecb9778e94bcb541e13e6d96d1ce5",
                "sha256:5357b465e3d6b98972b7810f9969c913d365e75b09b7ba813f5f0577fe1ac9f4",
                "sha256:75e1de9ba7c155d89bcf67d149b1c741df553c8158536e8d27e63167403159af",
                "sha256:ab87dd91c0c4073758d07334c1e5f712ce8fe48f007b86f8238773963ee700a6"
            ],
            "version": "==1.11.2"
        },
        "chardet": {
            "hashes": [
                "sha256:fc323ffcaeaed0e0a02bf4d117757b98aed530d9ed4531e3e15460124c106691",
                "sha256:84ab92ed1c4d4f16916e05906b6b75a6c0fb5db821cc65e70cbd64a3e2a5eaae"
            ],
            "version": "==3.0.4"
        },
        "click": {
            "hashes": [
                "sha256:29f99fc6125fbc931b758dc053b3114e55c77a6e4c6c3a2674a2dc986016381d",
                "sha256:f15516df478d5a56180fbf80e68f206010e6d160fc39fa508b65e035fd75130b"
            ],
            "version": "==6.7"
        },
        "click-completion": {
            "hashes": [
                "sha256:079fb138887d4de12a0b7fbebf8d92d396b7c1a9c49f63475d9f3909d2588976"
            ],
            "version": "==0.2.1"
        },
        "colorama": {
            "hashes": [
                "sha256:a4c0f5bc358a62849653471e309dcc991223cf86abafbec17cd8f41327279e89",
                "sha256:e043c8d32527607223652021ff648fbb394d5e19cba9f1a698670b338c9d782b",
                "sha256:f4945bf52ae49da0728fe730a33c18744803752fc948f154f29dc0c4f9f2f9cc"
            ],
            "version": "==0.3.7"
        },
        "configparser": {
            "hashes": [
                "sha256:5308b47021bc2340965c371f0f058cc6971a04502638d4244225c49d80db273a"
            ],
            "markers": "python_version < '3.2'",
            "version": "==3.5.0"
        },
        "cookiecutter": {
            "hashes": [
                "sha256:7d95c48717c725580b4ea6d80a7256479990ab8309003e60695ea1877c296fc9",
                "sha256:3fcb10dbfe4da02bf779a88f96109c1a28ff68f42d87587788f841735820249c"
            ],
            "version": "==1.5.1"
        },
        "cryptography": {
            "hashes": [
                "sha256:b17e4244212c9ec6526b6ad47534a12e0378387ad86228141053c112e759769d",
                "sha256:1fb7dbf630daba53494da88de1e87429f2740e6ffdc92bbdcb385ddb9ff67b32",
                "sha256:369e4669cac8296e320f86d0a3c9f489b7593d2a144e7b0504b884bed56fd5d7",
                "sha256:15d655434cf6f350462c6c97f24cbf42ee0e6270886a7937eaaa52fd09e474ce",
                "sha256:b25d97585f1d2b2f16560737aba6257a10ca18aa3a2a70407c05fe8b64b375f9",
                "sha256:59d2b285fb24d30deaf4143c2d048fcefdd7e560f30cd1745da881705ca965c6",
                "sha256:fe6d56a4ff08875d70cc9b336fcd6e938db5808cb47cbc33c6927affb659aded",
                "sha256:d32dad8448ea88fe8eb02dc943d46db658cf9e618386761e498802c79e97c937",
                "sha256:d44db8e4435a10dcbf22fbc03072d18b31e6c1100084a2010239efd359f2f162",
                "sha256:a972eb37b6409a2d67ddd956e6bf74f2e9315105083d1fdaa8bbe6eb520dc367",
                "sha256:fb7dfc4b3a79ca4b9233803b80617fd302374e57771c9a28e32ee6c1296cdea3",
                "sha256:795af466e52daf404d783877157b106bc79e0cffa55f8d6360fa9f9fd03148bd",
                "sha256:4ffc706fbe4c12146050d432250896f2fcad8b77c6fd89d3c3bd456884dbf421",
                "sha256:317127295b14f5c943ed789ab60ade0d7d39041f8975d58a214af19dd1148705",
                "sha256:5c9e46b219e2b65ab9192e10407d7698589794407f15f11f39abbf3b04d16890",
                "sha256:27b7b005debcf4c0562299d5ceeaea151120eaad7bd84ef91fb22c204a958f03",
                "sha256:8bbff1de3002db5c7146b88fea392526260becc153adc8810103fc750c3eb333",
                "sha256:bb715b0d8d5c9111e9656eabe58ee7b95842a797c04608aef7f52439ab73d5f3",
                "sha256:bc86d3de2c7d63f3c73dff24fa43c55c00c7b8ea8102ed638c903c939b85e6a6",
                "sha256:2f0b681e89530750e4c0adf98701cafd0384ac160ceafe39c9d10be6034d2cc7",
                "sha256:5544d9433f9c25d55d609e2b014d47c390288bb98ae84e35b8cf93e9f6a6c832",
                "sha256:55cc98c93323efcf6f3300b6e9a7d435146a9d451ffd27aa14074f576f275786",
                "sha256:4ef205496c518aae7e699731dfff4b630c046ea9dbbe34e8ec8ce77bb399c1c7",
                "sha256:886759453c5b93b1e8953e92abee65ee09fdf78bf655c95d0a206d6387adbfed",
                "sha256:0f3dcdd06c5491cad2ed283ebc802805e3ac77ffe4789ad1b44ff0f0f891f59b",
                "sha256:8067fce92ec98cb52fabe2e10205ff27dba5755d9ffc1f521be9c504f9a6d5fc",
                "sha256:5a266ff306683cd82b2f19203f469b7580aee115f1818d2b2d1e12f1ee7fd12b",
                "sha256:d5341dac22e8ab080e637c632d1b1e92acaa8e66a02d139c0c795c1797531384",
                "sha256:a83318144a0037f264891ddfcbae9b75303949bb0efaece9713df5e04388b7ef",
                "sha256:d04bb2425086c3fe86f7bc48915290b13e798497839fbb18ab7f6dffcf98cc3a"
            ],
            "version": "==2.0.3"
        },
        "docker-py": {
            "hashes": [
                "sha256:35b506e95861914fa5ad57a6707e3217b4082843b883be246190f57013948aba",
                "sha256:4c2a75875764d38d67f87bc7d03f7443a3895704efc57962bdf6500b8d4bc415"
            ],
            "version": "==1.10.6"
        },
        "docker-pycreds": {
            "hashes": [
                "sha256:58d2688f92de5d6f1a6ac4fe25da461232f0e0a4c1212b93b256b046b2d714a9",
                "sha256:93833a2cf280b7d8abbe1b8121530413250c6cd4ffed2c1cf085f335262f7348"
            ],
            "version": "==0.2.1"
        },
        "enum34": {
            "hashes": [
                "sha256:6bd0f6ad48ec2aa117d3d141940d484deccda84d4fcd884f5c3d93c23ecd8c79",
                "sha256:644837f692e5f550741432dd3f223bbb9852018674981b1664e5dc339387588a",
                "sha256:8ad8c4783bf61ded74527bffb48ed9b54166685e4230386a9ed9b1279e2df5b1",
                "sha256:2d81cbbe0e73112bdfe6ef8576f2238f2ba27dd0d55752a776c41d38b7da2850"
            ],
            "markers": "python_version < '3.4'",
            "version": "==1.1.6"
        },
        "fasteners": {
            "hashes": [
                "sha256:564a115ff9698767df401efca29620cbb1a1c2146b7095ebd304b79cc5807a7c",
                "sha256:427c76773fe036ddfa41e57d89086ea03111bbac57c55fc55f3006d027107e18"
            ],
            "version": "==0.14.1"
        },
        "flake8": {
            "hashes": [
                "sha256:83905eadba99f73fbfe966598aaf1682b3eb6755d2263c5b33a4e8367d60b0d1",
                "sha256:b907a26dcf5580753d8f80f1be0ec1d5c45b719f7bac441120793d1a70b03f12"
            ],
            "version": "==3.3.0"
        },
        "future": {
            "hashes": [
                "sha256:e39ced1ab767b5936646cedba8bcce582398233d6a627067d4c6a454c90cfedb"
            ],
            "version": "==0.16.0"
        },
        "git-url-parse": {
            "hashes": [
                "sha256:bf0a20c48e8552fea1218b52714be84fa31b0d73c58897e70b765d5e7a26f4cb",
                "sha256:5cec43946d06d1a35e90567473d9ffe929c38ff25fd01a1858331cd0aa265e44",
                "sha256:75d1cf1e19534678711e1a9293e6fb978461a5f734adf941cd468a802d08bbb2"
            ],
            "version": "==1.0.2"
        },
        "idna": {
            "hashes": [
                "sha256:8c7309c718f94b3a625cb648ace320157ad16ff131ae0af362c9f21b80ef6ec4",
                "sha256:2c6a5de3089009e3da7c5dde64a141dbc8551d5b7f6cf4ed7c2568d0cc520a8f"
            ],
            "version": "==2.6"
        },
        "ipaddress": {
            "hashes": [
                "sha256:d34cf15d95ce9a734560f7400a8bd2ac2606f378e2a1d0eadbf1c98707e7c74a",
                "sha256:5d8534c8e185f2d8a1fda1ef73f2c8f4b23264e8e30063feeb9511d492a413e1"
            ],
            "markers": "python_version < '3.3'",
            "version": "==1.0.18"
        },
        "jinja2": {
            "hashes": [
                "sha256:7d6d50dd97d52cbc355597bd845fabfbac3f551e1f99619e39a35ce8c370b5fa",
                "sha256:ac8bd6544d4bb2c9792bf3a159e80bba8fda7f07e81bc3aed565432d5925ba90"
            ],
            "index": "pypi",
            "markers": "python_version >= '3.7'",
            "version": "==3.1.3"
        },
        "jinja2-time": {
            "hashes": [
                "sha256:d3eab6605e3ec8b7a0863df09cc1d23714908fa61aa6986a845c20ba488b4efa",
                "sha256:d14eaa4d315e7688daa4969f616f226614350c48730bfa1692d2caebd8c90d40"
            ],
            "version": "==0.2.0"
        },
        "markupsafe": {
            "hashes": [
                "sha256:05fb21170423db021895e1ea1e1f3ab3adb85d1c2333cbc2310f2a26bc77272e",
                "sha256:0a4e4a1aff6c7ac4cd55792abf96c915634c2b97e3cc1c7129578aa68ebd754e",
                "sha256:10bbfe99883db80bdbaff2dcf681dfc6533a614f700da1287707e8a5d78a8431",
                "sha256:134da1eca9ec0ae528110ccc9e48041e0828d79f24121a1a146161103c76e686",
                "sha256:14ff806850827afd6b07a5f32bd917fb7f45b046ba40c57abdb636674a8b559c",
                "sha256:1577735524cdad32f9f694208aa75e422adba74f1baee7551620e43a3141f559",
                "sha256:1b40069d487e7edb2676d3fbdb2b0829ffa2cd63a2ec26c4938b2d34391b4ecc",
                "sha256:1b8dd8c3fd14349433c79fa8abeb573a55fc0fdd769133baac1f5e07abf54aeb",
                "sha256:1f67c7038d560d92149c060157d623c542173016c4babc0c1913cca0564b9939",
                "sha256:282c2cb35b5b673bbcadb33a585408104df04f14b2d9b01d4c345a3b92861c2c",
                "sha256:2c1b19b3aaacc6e57b7e25710ff571c24d6c3613a45e905b1fde04d691b98ee0",
                "sha256:2ef12179d3a291be237280175b542c07a36e7f60718296278d8593d21ca937d4",
                "sha256:338ae27d6b8745585f87218a3f23f1512dbf52c26c28e322dbe54bcede54ccb9",
                "sha256:3c0fae6c3be832a0a0473ac912810b2877c8cb9d76ca48de1ed31e1c68386575",
                "sha256:3fd4abcb888d15a94f32b75d8fd18ee162ca0c064f35b11134be77050296d6ba",
                "sha256:42de32b22b6b804f42c5d98be4f7e5e977ecdd9ee9b660fda1a3edf03b11792d",
                "sha256:47d4f1c5f80fc62fdd7777d0d40a2e9dda0a05883ab11374334f6c4de38adffd",
                "sha256:504b320cd4b7eff6f968eddf81127112db685e81f7e36e75f9f84f0df46041c3",
                "sha256:525808b8019e36eb524b8c68acdd63a37e75714eac50e988180b169d64480a00",
                "sha256:56d9f2ecac662ca1611d183feb03a3fa4406469dafe241673d521dd5ae92a155",
                "sha256:5bbe06f8eeafd38e5d0a4894ffec89378b6c6a625ff57e3028921f8ff59318ac",
                "sha256:65c1a9bcdadc6c28eecee2c119465aebff8f7a584dd719facdd9e825ec61ab52",
                "sha256:68e78619a61ecf91e76aa3e6e8e33fc4894a2bebe93410754bd28fce0a8a4f9f",
                "sha256:69c0f17e9f5a7afdf2cc9fb2d1ce6aabdb3bafb7f38017c0b77862bcec2bbad8",
                "sha256:6b2b56950d93e41f33b4223ead100ea0fe11f8e6ee5f641eb753ce4b77a7042b",
                "sha256:715d3562f79d540f251b99ebd6d8baa547118974341db04f5ad06d5ea3eb8007",
                "sha256:787003c0ddb00500e49a10f2844fac87aa6ce977b90b0feaaf9de23c22508b24",
                "sha256:7ef3cb2ebbf91e330e3bb937efada0edd9003683db6b57bb108c4001f37a02ea",
                "sha256:8023faf4e01efadfa183e863fefde0046de576c6f14659e8782065bcece22198",
                "sha256:8758846a7e80910096950b67071243da3e5a20ed2546e6392603c096778d48e0",
                "sha256:8afafd99945ead6e075b973fefa56379c5b5c53fd8937dad92c662da5d8fd5ee",
                "sha256:8c41976a29d078bb235fea9b2ecd3da465df42a562910f9022f1a03107bd02be",
                "sha256:8e254ae696c88d98da6555f5ace2279cf7cd5b3f52be2b5cf97feafe883b58d2",
                "sha256:8f9293864fe09b8149f0cc42ce56e3f0e54de883a9de90cd427f191c346eb2e1",
                "sha256:9402b03f1a1b4dc4c19845e5c749e3ab82d5078d16a2a4c2cd2df62d57bb0707",
                "sha256:962f82a3086483f5e5f64dbad880d31038b698494799b097bc59c2edf392fce6",
                "sha256:9aad3c1755095ce347e26488214ef77e0485a3c34a50c5a5e2471dff60b9dd9c",
                "sha256:9dcdfd0eaf283af041973bff14a2e143b8bd64e069f4c383416ecd79a81aab58",
                "sha256:aa57bd9cf8ae831a362185ee444e15a93ecb2e344c8e52e4d721ea3ab6ef1823",
                "sha256:aa7bd130efab1c280bed0f45501b7c8795f9fdbeb02e965371bbef3523627779",
                "sha256:ab4a0df41e7c16a1392727727e7998a467472d0ad65f3ad5e6e765015df08636",
                "sha256:ad9e82fb8f09ade1c3e1b996a6337afac2b8b9e365f926f5a61aacc71adc5b3c",
                "sha256:af598ed32d6ae86f1b747b82783958b1a4ab8f617b06fe68795c7f026abbdcad",
                "sha256:b076b6226fb84157e3f7c971a47ff3a679d837cf338547532ab866c57930dbee",
                "sha256:b7ff0f54cb4ff66dd38bebd335a38e2c22c41a8ee45aa608efc890ac3e3931bc",
                "sha256:bfce63a9e7834b12b87c64d6b155fdd9b3b96191b6bd334bf37db7ff1fe457f2",
                "sha256:c011a4149cfbcf9f03994ec2edffcb8b1dc2d2aede7ca243746df97a5d41ce48",
                "sha256:c9c804664ebe8f83a211cace637506669e7890fec1b4195b505c214e50dd4eb7",
                "sha256:ca379055a47383d02a5400cb0d110cef0a776fc644cda797db0c5696cfd7e18e",
                "sha256:cb0932dc158471523c9637e807d9bfb93e06a95cbf010f1a38b98623b929ef2b",
                "sha256:cd0f502fe016460680cd20aaa5a76d241d6f35a1c3350c474bac1273803893fa",
                "sha256:ceb01949af7121f9fc39f7d27f91be8546f3fb112c608bc4029aef0bab86a2a5",
                "sha256:d080e0a5eb2529460b30190fcfcc4199bd7f827663f858a226a81bc27beaa97e",
                "sha256:dd15ff04ffd7e05ffcb7fe79f1b98041b8ea30ae9234aed2a9168b5797c3effb",
                "sha256:df0be2b576a7abbf737b1575f048c23fb1d769f267ec4358296f31c2479db8f9",
                "sha256:e09031c87a1e51556fdcb46e5bd4f59dfb743061cf93c4d6831bf894f125eb57",
                "sha256:e4dd52d80b8c83fdce44e12478ad2e85c64ea965e75d66dbeafb0a3e77308fcc",
                "sha256:f698de3fd0c4e6972b92290a45bd9b1536bffe8c6759c62471efaa8acb4c37bc",
                "sha256:fec21693218efe39aa7f8599346e90c705afa52c5b31ae019b2e57e8f6542bb2",
                "sha256:ffcc3f7c66b5f5b7931a5aa68fc9cecc51e685ef90282f4a82f0f5e9b704ad11"
            ],
            "markers": "python_version >= '3.7'",
            "version": "==2.1.3"
        },
        "marshmallow": {
            "hashes": [
                "sha256:f16c8959ee7a1dbdb794d2bc171aeb2c3d6105a32318b5128e95ae538dca395b",
                "sha256:2f72131c0d01079b2f306d0ffe1e59b2ef42a3b247f8d87a283a2abb67fb1911"
            ],
            "version": "==2.13.5"
        },
        "mccabe": {
            "hashes": [
                "sha256:ab8a6258860da4b6677da4bd2fe5dc2c659cff31b3ee4f7f5d64e79735b80d42",
                "sha256:dd8d182285a0fe56bace7f45b5e7d1a6ebcbf524e8f3bd87eb0f125271b8831f"
            ],
            "version": "==0.6.1"
        },
        "molecule": {
            "hashes": [
                "sha256:d8a088d09dbca1a0f161ecc8812e118b7bf9cd8baa7526505cd88e098df32ec5",
                "sha256:57af4c10356c6cb161c7c3b7a4d08875dc24b077361e4dca2881d68234b108d4"
            ],
            "version": "==2.2.1"
        },
        "monotonic": {
            "hashes": [
                "sha256:a8c7690953546c6bc8a4f05d347718db50de1225b29f4b9f346c0c6f19bdc286",
                "sha256:2b469e2d7dd403f7f7f79227fe5ad551ee1e76f8bb300ae935209884b93c7c1b"
            ],
            "version": "==1.3"
        },
        "paramiko": {
            "hashes": [
                "sha256:f7740f3ac011da4f8030c4d882bcad6344ef7e5728cf991eef90fccef2963aab",
                "sha256:fa6b4f5c9d88f27c60fd9578146ff24e99d4b9f63391ff1343305bfd766c4660"
            ],
            "version": "==2.3.1"
        },
        "pathspec": {
            "hashes": [
                "sha256:72c495d1bbe76674219e307f6d1c6062f2e1b0b483a5e4886435127d0df3d0d3"
            ],
            "version": "==0.5.5"
        },
        "pbr": {
            "hashes": [
                "sha256:dfc304262e881066bc675a59a348733af17bee1d57084d9e2a0c96b952a82db7",
                "sha256:d7e8917458094002b9a2e0030ba60ba4c834c456071f2d0c1ccb5265992ada91"
            ],
            "version": "==3.0.1"
        },
        "pexpect": {
            "hashes": [
                "sha256:f853b52afaf3b064d29854771e2db509ef80392509bde2dd7a6ecf2dfc3f0018",
                "sha256:3d132465a75b57aa818341c6521392a06cc660feb3988d7f1074f39bd23c9a92"
            ],
            "version": "==4.2.1"
        },
        "poyo": {
            "hashes": [
                "sha256:230ec11c2f35a23410c1f0e474f09fa4e203686f40ab3adca7b039c845d8c325",
                "sha256:103b4ee3e1c7765098fe1cabe43f828db2e2a6079646561a2117e1a809f352d6"
            ],
            "version": "==0.4.1"
        },
        "psutil": {
            "hashes": [
                "sha256:db473f0d45a56d422502043f3755385fcfd83f5bb0947bc807fcad689230f37f",
                "sha256:dcd9d3131f83480648da40d2c39403657c63a81e56e4e8d8e905bf65c133d59c",
                "sha256:3f79a044db0aae96592ef42be459e37095d0c2cebcae4fd7baf486d37a85a8cd",
                "sha256:838c66c123cb024bf8c8d2fec902b38c51f75b27988f4487d81383d1d3d8a8ce",
                "sha256:a155875d2fedb614c2cd687fe47953d03a47f76eb39bd5756931b288b685655f",
                "sha256:a989876ac0cc7942ef9481b96d3bfc02777dc798d4a7a1b4e8f0f284228f3434",
                "sha256:32616c5736f1de446e77865305e7f56905c718991f820c8286436adea8192f32",
                "sha256:50c8ddc3a6d1cda1de6d7aaf1af10896832c6d686fc7d0fe3d01c1eb51e6f521",
                "sha256:e8b65a80e978af9bf10be423442155032c589b7042b4a26edc410dc36819d65e",
                "sha256:7a5c0973bd4c1de98d9b225bd4303a0718d31e31d6e2342e825c3e656f7056df",
                "sha256:44746540c0fab5b95401520d29eb9ffe84b3b4a235bd1d1971cbe36e1f38dd13",
                "sha256:147093b75b8874e55e6b26c540544d40e98845bc4ee74dc6054c881fd2a3eed9",
                "sha256:3d3c5c117e55c486a53ef796cc715035bf4f56419cc32dbd124fe26e9289ad1e",
                "sha256:0c74c6a494b650966b88da256cab4e507f483c53e85b9b10d3ff9c38f059330b",
                "sha256:b5583d1c2c858056d39bd148ed25839c4f1b76fec8fb2cb9b564c82997a21266",
                "sha256:1da0aa70d66612588d77daed7784e623aac1fd038681c3acd0e1c76b2b2f0819",
                "sha256:70732850abd11f4d9fa46f0e110af21030e0a6088204f332d335921b36e66305",
                "sha256:5d2f076788d71d2e1c7276f1e5a1bc255f29c2e80eb8879a9ffc633c5bf69481",
                "sha256:fecda42b274dc618278bd9139e8493c9459d2174376f82b65ba929557f10e880",
                "sha256:92e3500dfaf7a5502ebaf4a7472e2afb9ff0cb36b4e5dc1977b3c774f58332db",
                "sha256:ed09521d49ee177f1205ed9791ad62263feacd2fe1cc20d1d33cf37923f240ea"
            ],
            "version": "==5.2.2"
        },
        "ptyprocess": {
            "hashes": [
                "sha256:e8c43b5eee76b2083a9badde89fd1bbce6c8942d1045146e100b7b5e014f4f1a",
                "sha256:e64193f0047ad603b71f202332ab5527c5e52aa7c8b609704fc28c0dc20c4365"
            ],
            "version": "==0.5.2"
        },
        "py": {
            "hashes": [
                "sha256:2ccb79b01769d99115aa600d7eed99f524bf752bba8f041dc1c184853514655a",
                "sha256:0f2d585d22050e90c7d293b6451c83db097df77871974d90efd5a30dc12fcde3"
            ],
            "version": "==1.4.34"
        },
        "pyasn1": {
            "hashes": [
                "sha256:5eac8d0c1c1282842c9145ae134990a1baf7616eb4cee9129213fad76eba4f54",
                "sha256:960a603e677897ea29b9a1327b789b7b8a9e187a89e05fed9c3152b3b7c22954",
                "sha256:4bb562b9f1fc4526028b2aa4dc027dce08f3ade0780abc593a02ce6dbade6e6c",
                "sha256:8fa8884056bd5b2c92ca1685e6344121b6b43718b44f0c6eb223958003c9d14a",
                "sha256:16e896433f84575f0636cd9aa8b24659689268a62e00f17235e1fc23c6b00b25",
                "sha256:bb6f5d5507621e0298794bc3e75b8f963e886cee388a378ab58e5c35ac024276",
                "sha256:60bf78784b117979f5517c38308f6965fff6c803660fbb16368d94433953b62a",
                "sha256:4a677c6c9e484977ed6c6a93714ff06ac374220408afeaeef4ef2af652af0f3d",
                "sha256:b16fb6097d00bbafc114861b16ea41cfe63e32fed1bdc7cd5905a3e02a992fa3",
                "sha256:8212bde51ec192e30654efe10e636082738ed728e316049f3685d66b8c92941c",
                "sha256:8d4f0971682203bdfc93740ee7d3fcba0a7f55629451dbe2d32af2335c55b2be",
                "sha256:187f2a66d617683f8e82d5c00033b7c8a0287e1da88a9d577aebec321cad4965"
            ],
            "version": "==0.3.7"
        },
        "pycodestyle": {
            "hashes": [
                "sha256:6c4245ade1edfad79c3446fadfc96b0de2759662dc29d07d80a6f27ad1ca6ba9",
                "sha256:682256a5b318149ca0d2a9185d365d8864a768a28db66a84a2ea946bcc426766"
            ],
            "version": "==2.3.1"
        },
        "pycparser": {
            "hashes": [
                "sha256:99a8ca03e29851d96616ad0404b4aad7d9ee16f25c9f9708a11faf2810f7b226"
            ],
            "version": "==2.18"
        },
        "pyflakes": {
            "hashes": [
                "sha256:cc5eadfb38041f8366128786b4ca12700ed05bbf1403d808e89d57d67a3875a7",
                "sha256:aa0d4dff45c0cc2214ba158d29280f8fa1129f3e87858ef825930845146337f4"
            ],
            "version": "==1.5.0"
        },
        "pynacl": {
            "hashes": [
                "sha256:9558ef5c1ae45322c054d1d1151016e0463b4da8b5c746a675e99c5c7d8f4faa",
                "sha256:301c966c1e17950e50d174ab4b2e7ef3e98ff51ad7a591152a19fe2139281eed",
                "sha256:4d21d733a63637ddf41d0cab50135ec9f5224dd22fd10ebf5c5f5f946b833f84",
                "sha256:99f91eb80b85fe16f70d362cfeae8eeeb108cd09a85f039fdab02164762f764b",
                "sha256:57314a7bad4bd39501dc622942f9921923673e52e126b0fc4f0214b5d25d619a",
                "sha256:c93d151efcdd7d214b1b11d781c9f1b125f0208cd06d9762bddabdfeac1cedfc",
                "sha256:1b4938a557b32e5c6b27fac79a94cf1abb70753b5462a0b577bd2a77e09dacd0",
                "sha256:506bc2591968a1a7b6577075bc29a591d8fff5bdfec03b0dd926f34b75b670e5",
                "sha256:4c15d7cea1a313fff3f68222e682ee1f855e43c0865081cad7385066a6b57d75",
                "sha256:c4ea0e3b9f3317ada56e12c7b37f6d0316900ae8b54a20d7b100d4e14350ac87",
                "sha256:53d83faf274813a5778bba1cd4cb96b79f39e44a63b1c4a4dada01a2b0eeafe8",
                "sha256:5172395dea8203ae124fd282fef3d242aa75366d66aebc0f5aab0c4753eed97b",
                "sha256:877879903cddb5da317fe86d923f65eb28c62fd7feb79cd3402d166e401f9423",
                "sha256:123c41df1db119397f2e26e9c63ca2ea853d3663e26b1c389bd3859dc1b7178a",
                "sha256:ceb16b7977123713ad898450ca86a2dc6706a17fe4cf278ffb6b76929c186550",
                "sha256:813d4170f62d68236bb041cf731e8d1f34fc1006a5e5d81139bead6ddaa9d169",
                "sha256:f01405a5c453b866e35338c53882f7ba7069c1f4e4045ce67513ad45c796f8a5",
                "sha256:4a3be9f884df08087996516707446ba55648bbefae8428bf578fa05f20fa2ed9",
                "sha256:7d14f18f8bc43977691276097524b9713d21b9635fea9791311261a66e4fe296",
                "sha256:9532aaa446840ece574c719ad3bbf25f60ca9871f48b5446e3f73e8b498e2398",
                "sha256:67b75a950dbc4025bfa549c183baa17db4096955912f385df31830e5a2121974",
                "sha256:dfc85c2b414dee700e32764559d560063825ec1470d3ee6c973e43c80a622e56",
                "sha256:3fd984580cbea8e02fc531aa32ab9487b72c30127f9e4c8db9ba3fe8950ecc93",
                "sha256:75a427377b2088c29a44db08c796c75a9cde2f9725dd041903cfbc0f6034895c",
                "sha256:ca2deb968135f1400105ca902f5cef24ba6984b6a4904756498afcb9077c76f9",
                "sha256:ffb74ac578b3b80b1d2d5a23a6dd7b1d6682e5fce6a7b3d21b46b180a5546055",
                "sha256:b796d95704b674100bd99fc42bbde9f8f2ccddae8599a4d4bbcb518428dfbfed",
                "sha256:32f52b754abf07c319c04ce16905109cab44b0e7f7c79497431d3b2000f8af8c"
            ],
            "version": "==1.1.2"
        },
        "pytest": {
            "hashes": [
                "sha256:81a25f36a97da3313e1125fce9e7bbbba565bc7fec3c5beb14c262ddab238ac1",
                "sha256:27fa6617efc2869d3e969a3e75ec060375bfb28831ade8b5cdd68da3a741dc3c"
            ],
            "version": "==3.2.3"
        },
        "python-dateutil": {
            "hashes": [
                "sha256:95511bae634d69bc7329ba55e646499a842bc4ec342ad54a8cdb65645a0aad3c",
                "sha256:891c38b2a02f5bb1be3e4793866c8df49c7d19baabf9c1bad62547e0b4866aca"
            ],
            "version": "==2.6.1"
        },
        "python-gilt": {
            "hashes": [
                "sha256:ca6f4b9ff6819f1bc79181d06dd3f56c04ee1010271caf0f5b390957c6cde7f2",
                "sha256:4b0f08d1dcbb72a7d5f652a32da293bfccaf338d61bd77f9e875388b3ccf604b",
                "sha256:24e87871381a847a74e97516b605cde922e63a144d8bfa4343d2193b2e89cc9d"
            ],
            "version": "==1.1.0"
        },
        "pyyaml": {
            "hashes": [
                "sha256:3262c96a1ca437e7e4763e2843746588a965426550f3797a79fca9c6199c431f",
                "sha256:16b20e970597e051997d90dc2cddc713a2876c47e3d92d59ee198700c5427736",
                "sha256:e863072cdf4c72eebf179342c94e6989c67185842d9997960b3e69290b2fa269",
                "sha256:bc6bced57f826ca7cb5125a10b23fd0f2fff3b7c4701d64c439a300ce665fff8",
                "sha256:c01b880ec30b5a6e6aa67b09a2fe3fb30473008c85cd6a67359a1b15ed6d83a4",
                "sha256:827dc04b8fa7d07c44de11fabbc888e627fa8293b695e0f99cb544fdfa1bf0d1",
                "sha256:592766c6303207a20efc445587778322d7f73b161bd994f227adaa341ba212ab",
                "sha256:5f84523c076ad14ff5e6c037fe1c89a7f73a3e04cf0377cb4d017014976433f3",
                "sha256:0c507b7f74b3d2dd4d1322ec8a94794927305ab4cebbe89cc47fe5e81541e6e8",
                "sha256:b4c423ab23291d3945ac61346feeb9a0dc4184999ede5e7c43e1ffb975130ae6",
                "sha256:ca233c64c6e40eaa6c66ef97058cdc80e8d0157a443655baa1b2966e812807ca",
                "sha256:4474f8ea030b5127225b8894d626bb66c01cda098d47a2b0d3429b6700af9fd8",
                "sha256:326420cbb492172dec84b0f65c80942de6cedb5233c413dd824483989c000608",
                "sha256:5ac82e411044fb129bae5cfbeb3ba626acb2af31a8d17d175004b70862a741a7"
            ],
            "version": "==3.12"
        },
        "requests": {
            "hashes": [
                "sha256:6a1b267aa90cac58ac3a765d067950e7dbbf75b1da07e895d1f594193a40a38b",
                "sha256:9c443e7324ba5b85070c4a818ade28bfabedf16ea10206da1132edaa6dda237e"
            ],
            "version": "==2.18.4"
        },
        "sh": {
            "hashes": [
                "sha256:ae3258c5249493cebe73cb4e18253a41ed69262484bad36fdb3efcb8ad8870bb",
                "sha256:b52bf5833ed01c7b5c5fb73a7f71b3d98d48e9b9b8764236237bdc7ecae850fc"
            ],
            "version": "==1.12.14"
        },
        "six": {
            "hashes": [
                "sha256:832dc0e10feb1aa2c68dcc57dbb658f1c7e65b9b61af69048abc87a2db00a0eb",
                "sha256:70e8a77beed4562e7f14fe23a786b54f6296e34344c23bc42f07b15018ff98e9"
            ],
            "version": "==1.11.0"
        },
        "tabulate": {
            "hashes": [
                "sha256:1f07f6252b20cdc4ed744b598b5fa8362638988b50a62f3e2ad76c97fc02eef2",
                "sha256:83a0b8e17c09f012090a50e1e97ae897300a72b35e0c86c0b53d3bd2ae86d8c6"
            ],
            "version": "==0.7.7"
        },
        "testinfra": {
            "hashes": [
                "sha256:87f22dbccf8f4b919974aba680b782afdb6a305ee53fbcdfa0a8bd494e75ca88",
                "sha256:c44e6ff72b82457e63b60606707be008dc3107f40164130e365fc677ca3edc3f"
            ],
            "version": "==1.7.1"
        },
        "tree-format": {
            "hashes": [
                "sha256:498675b97b7b0d746294a3b273fd25217a8700b6045f5792fd753c2dbe25c678",
                "sha256:65b3383ae66ceef8d5e467e51269ba66171c629aa24ddfae859e1a5e38ba778b"
            ],
            "version": "==0.1.1"
        },
        "urllib3": {
            "hashes": [
                "sha256:06330f386d6e4b195fbfc736b297f58c5a892e4440e54d294d7004e3a9bbea1b",
                "sha256:cc44da8e1145637334317feebd728bd869a35285b93cbb4cca2577da7e62db4f"
            ],
            "version": "==1.22"
        },
        "websocket-client": {
            "hashes": [
                "sha256:91222bb3a22ba989ac87eec9121655f295dcb746b6207c5576ffa549ab69302c",
                "sha256:15f585566e2ea7459136a632b9785aa081093064391878a448c382415e948d72"
            ],
            "version": "==0.44.0"
        },
        "whichcraft": {
            "hashes": [
                "sha256:cd0e10b58960ab877d9f273cd28788730936c3cdaceec2dafad97c7cf3067d46",
                "sha256:9e0d51c9387cb7e9f28b7edb549e6a03da758f7784f991eb4397d7f7808c57fd"
            ],
            "version": "==0.4.1"
        },
        "yamllint": {
            "hashes": [
                "sha256:806b21828ca92fd6e9f20d8eccfa53035e38041854bb4d1b666f271a7788dbcf",
                "sha256:048743567ca9511e19222233ebb53795586a2cede07b79e801577e0a9b4f173c"
            ],
            "version": "==1.8.1"
        }
    },
    "develop": {}
}
